
Microsoft Visual Studio Solution File, Format Version 12.00
# Visual Studio 2012
Project("{FAE04EC0-301F-11D3-BF4B-00C04F79EFBC}") = "Disinfection_Fin", "Disinfection_Fin\Disinfection_Fin.csproj", "{588C734D-D953-4D3C-8211-56E6EAC5DD40}"
EndProject
Project("{FAE04EC0-301F-11D3-BF4B-00C04F79EFBC}") = "ExamWin", "ExamWin\ExamWin.csproj", "{186BBA8E-1008-42A0-B3A3-DE7A209D7C05}"
EndProject
Project("{FAE04EC0-301F-11D3-BF4B-00C04F79EFBC}") = "TrainingWin", "TrainingWin\TrainingWin.csproj", "{4C878F0F-76C9-4181-9F33-F102ACC98319}"
EndProject
Global
	GlobalSection(SolutionConfigurationPlatforms) = preSolution
		CD_ROM|Any CPU = CD_ROM|Any CPU
		CD_ROM|Mixed Platforms = CD_ROM|Mixed Platforms
		CD_ROM|x64 = CD_ROM|x64
		CD_ROM|x86 = CD_ROM|x86
		Debug|Any CPU = Debug|Any CPU
		Debug|Mixed Platforms = Debug|Mixed Platforms
		Debug|x64 = Debug|x64
		Debug|x86 = Debug|x86
		DVD-5|Any CPU = DVD-5|Any CPU
		DVD-5|Mixed Platforms = DVD-5|Mixed Platforms
		DVD-5|x64 = DVD-5|x64
		DVD-5|x86 = DVD-5|x86
		Release|Any CPU = Release|Any CPU
		Release|Mixed Platforms = Release|Mixed Platforms
		Release|x64 = Release|x64
		Release|x86 = Release|x86
		SingleImage|Any CPU = SingleImage|Any CPU
		SingleImage|Mixed Platforms = SingleImage|Mixed Platforms
		SingleImage|x64 = SingleImage|x64
		SingleImage|x86 = SingleImage|x86
	EndGlobalSection
	GlobalSection(ProjectConfigurationPlatforms) = postSolution
		{588C734D-D953-4D3C-8211-56E6EAC5DD40}.CD_ROM|Any CPU.ActiveCfg = Release|Any CPU
		{588C734D-D953-4D3C-8211-56E6EAC5DD40}.CD_ROM|Any CPU.Build.0 = Release|Any CPU
		{588C734D-D953-4D3C-8211-56E6EAC5DD40}.CD_ROM|Mixed Platforms.ActiveCfg = Debug|x86
		{588C734D-D953-4D3C-8211-56E6EAC5DD40}.CD_ROM|Mixed Platforms.Build.0 = Debug|x86
		{588C734D-D953-4D3C-8211-56E6EAC5DD40}.CD_ROM|x64.ActiveCfg = Release|x64
		{588C734D-D953-4D3C-8211-56E6EAC5DD40}.CD_ROM|x64.Build.0 = Release|x64
		{588C734D-D953-4D3C-8211-56E6EAC5DD40}.CD_ROM|x86.ActiveCfg = Release|x86
		{588C734D-D953-4D3C-8211-56E6EAC5DD40}.CD_ROM|x86.Build.0 = Release|x86
		{588C734D-D953-4D3C-8211-56E6EAC5DD40}.Debug|Any CPU.ActiveCfg = Debug|Any CPU
		{588C734D-D953-4D3C-8211-56E6EAC5DD40}.Debug|Any CPU.Build.0 = Debug|Any CPU
		{588C734D-D953-4D3C-8211-56E6EAC5DD40}.Debug|Mixed Platforms.ActiveCfg = Debug|x86
		{588C734D-D953-4D3C-8211-56E6EAC5DD40}.Debug|Mixed Platforms.Build.0 = Debug|x86
		{588C734D-D953-4D3C-8211-56E6EAC5DD40}.Debug|x64.ActiveCfg = Debug|x64
		{588C734D-D953-4D3C-8211-56E6EAC5DD40}.Debug|x64.Build.0 = Debug|x64
		{588C734D-D953-4D3C-8211-56E6EAC5DD40}.Debug|x86.ActiveCfg = Debug|x86
		{588C734D-D953-4D3C-8211-56E6EAC5DD40}.Debug|x86.Build.0 = Debug|x86
		{588C734D-D953-4D3C-8211-56E6EAC5DD40}.DVD-5|Any CPU.ActiveCfg = Debug|Any CPU
		{588C734D-D953-4D3C-8211-56E6EAC5DD40}.DVD-5|Any CPU.Build.0 = Debug|Any CPU
		{588C734D-D953-4D3C-8211-56E6EAC5DD40}.DVD-5|Mixed Platforms.ActiveCfg = Debug|x86
		{588C734D-D953-4D3C-8211-56E6EAC5DD40}.DVD-5|Mixed Platforms.Build.0 = Debug|x86
		{588C734D-D953-4D3C-8211-56E6EAC5DD40}.DVD-5|x64.ActiveCfg = Debug|x64
		{588C734D-D953-4D3C-8211-56E6EAC5DD40}.DVD-5|x64.Build.0 = Debug|x64
		{588C734D-D953-4D3C-8211-56E6EAC5DD40}.DVD-5|x86.ActiveCfg = Debug|x86
		{588C734D-D953-4D3C-8211-56E6EAC5DD40}.DVD-5|x86.Build.0 = Debug|x86
		{588C734D-D953-4D3C-8211-56E6EAC5DD40}.Release|Any CPU.ActiveCfg = Release|Any CPU
		{588C734D-D953-4D3C-8211-56E6EAC5DD40}.Release|Any CPU.Build.0 = Release|Any CPU
		{588C734D-D953-4D3C-8211-56E6EAC5DD40}.Release|Mixed Platforms.ActiveCfg = Release|x64
		{588C734D-D953-4D3C-8211-56E6EAC5DD40}.Release|Mixed Platforms.Build.0 = Release|x64
		{588C734D-D953-4D3C-8211-56E6EAC5DD40}.Release|x64.ActiveCfg = Release|x64
		{588C734D-D953-4D3C-8211-56E6EAC5DD40}.Release|x64.Build.0 = Release|x64
		{588C734D-D953-4D3C-8211-56E6EAC5DD40}.Release|x86.ActiveCfg = Release|x86
		{588C734D-D953-4D3C-8211-56E6EAC5DD40}.Release|x86.Build.0 = Release|x86
		{588C734D-D953-4D3C-8211-56E6EAC5DD40}.SingleImage|Any CPU.ActiveCfg = Release|Any CPU
		{588C734D-D953-4D3C-8211-56E6EAC5DD40}.SingleImage|Any CPU.Build.0 = Release|Any CPU
		{588C734D-D953-4D3C-8211-56E6EAC5DD40}.SingleImage|Mixed Platforms.ActiveCfg = Debug|x86
		{588C734D-D953-4D3C-8211-56E6EAC5DD40}.SingleImage|Mixed Platforms.Build.0 = Debug|x86
		{588C734D-D953-4D3C-8211-56E6EAC5DD40}.SingleImage|x64.ActiveCfg = Release|x64
		{588C734D-D953-4D3C-8211-56E6EAC5DD40}.SingleImage|x64.Build.0 = Release|x64
		{588C734D-D953-4D3C-8211-56E6EAC5DD40}.SingleImage|x86.ActiveCfg = Release|x86
		{588C734D-D953-4D3C-8211-56E6EAC5DD40}.SingleImage|x86.Build.0 = Release|x86
		{186BBA8E-1008-42A0-B3A3-DE7A209D7C05}.CD_ROM|Any CPU.ActiveCfg = Release|Any CPU
		{186BBA8E-1008-42A0-B3A3-DE7A209D7C05}.CD_ROM|Any CPU.Build.0 = Release|Any CPU
		{186BBA8E-1008-42A0-B3A3-DE7A209D7C05}.CD_ROM|Mixed Platforms.ActiveCfg = Release|Any CPU
		{186BBA8E-1008-42A0-B3A3-DE7A209D7C05}.CD_ROM|Mixed Platforms.Build.0 = Release|Any CPU
		{186BBA8E-1008-42A0-B3A3-DE7A209D7C05}.CD_ROM|x64.ActiveCfg = Release|Any CPU
		{186BBA8E-1008-42A0-B3A3-DE7A209D7C05}.CD_ROM|x86.ActiveCfg = Release|Any CPU
		{186BBA8E-1008-42A0-B3A3-DE7A209D7C05}.Debug|Any CPU.ActiveCfg = Debug|Any CPU
		{186BBA8E-1008-42A0-B3A3-DE7A209D7C05}.Debug|Any CPU.Build.0 = Debug|Any CPU
		{186BBA8E-1008-42A0-B3A3-DE7A209D7C05}.Debug|Mixed Platforms.ActiveCfg = Debug|Any CPU
		{186BBA8E-1008-42A0-B3A3-DE7A209D7C05}.Debug|Mixed Platforms.Build.0 = Debug|Any CPU
		{186BBA8E-1008-42A0-B3A3-DE7A209D7C05}.Debug|x64.ActiveCfg = Debug|Any CPU
		{186BBA8E-1008-42A0-B3A3-DE7A209D7C05}.Debug|x86.ActiveCfg = Debug|Any CPU
		{186BBA8E-1008-42A0-B3A3-DE7A209D7C05}.DVD-5|Any CPU.ActiveCfg = Debug|Any CPU
		{186BBA8E-1008-42A0-B3A3-DE7A209D7C05}.DVD-5|Any CPU.Build.0 = Debug|Any CPU
		{186BBA8E-1008-42A0-B3A3-DE7A209D7C05}.DVD-5|Mixed Platforms.ActiveCfg = Debug|Any CPU
		{186BBA8E-1008-42A0-B3A3-DE7A209D7C05}.DVD-5|Mixed Platforms.Build.0 = Debug|Any CPU
		{186BBA8E-1008-42A0-B3A3-DE7A209D7C05}.DVD-5|x64.ActiveCfg = Debug|Any CPU
		{186BBA8E-1008-42A0-B3A3-DE7A209D7C05}.DVD-5|x86.ActiveCfg = Debug|Any CPU
		{186BBA8E-1008-42A0-B3A3-DE7A209D7C05}.Release|Any CPU.ActiveCfg = Release|Any CPU
		{186BBA8E-1008-42A0-B3A3-DE7A209D7C05}.Release|Any CPU.Build.0 = Release|Any CPU
		{186BBA8E-1008-42A0-B3A3-DE7A209D7C05}.Release|Mixed Platforms.ActiveCfg = Release|Any CPU
		{186BBA8E-1008-42A0-B3A3-DE7A209D7C05}.Release|Mixed Platforms.Build.0 = Release|Any CPU
		{186BBA8E-1008-42A0-B3A3-DE7A209D7C05}.Release|x64.ActiveCfg = Release|Any CPU
		{186BBA8E-1008-42A0-B3A3-DE7A209D7C05}.Release|x64.Build.0 = Release|Any CPU
		{186BBA8E-1008-42A0-B3A3-DE7A209D7C05}.Release|x86.ActiveCfg = Release|Any CPU
		{186BBA8E-1008-42A0-B3A3-DE7A209D7C05}.SingleImage|Any CPU.ActiveCfg = Release|Any CPU
		{186BBA8E-1008-42A0-B3A3-DE7A209D7C05}.SingleImage|Any CPU.Build.0 = Release|Any CPU
		{186BBA8E-1008-42A0-B3A3-DE7A209D7C05}.SingleImage|Mixed Platforms.ActiveCfg = Release|Any CPU
		{186BBA8E-1008-42A0-B3A3-DE7A209D7C05}.SingleImage|Mixed Platforms.Build.0 = Release|Any CPU
		{186BBA8E-1008-42A0-B3A3-DE7A209D7C05}.SingleImage|x64.ActiveCfg = Release|Any CPU
		{186BBA8E-1008-42A0-B3A3-DE7A209D7C05}.SingleImage|x86.ActiveCfg = Release|Any CPU
		{4C878F0F-76C9-4181-9F33-F102ACC98319}.CD_ROM|Any CPU.ActiveCfg = Release|Any CPU
		{4C878F0F-76C9-4181-9F33-F102ACC98319}.CD_ROM|Any CPU.Build.0 = Release|Any CPU
		{4C878F0F-76C9-4181-9F33-F102ACC98319}.CD_ROM|Mixed Platforms.ActiveCfg = Release|Any CPU
		{4C878F0F-76C9-4181-9F33-F102ACC98319}.CD_ROM|Mixed Platforms.Build.0 = Release|Any CPU
		{4C878F0F-76C9-4181-9F33-F102ACC98319}.CD_ROM|x64.ActiveCfg = Release|x64
		{4C878F0F-76C9-4181-9F33-F102ACC98319}.CD_ROM|x64.Build.0 = Release|x64
		{4C878F0F-76C9-4181-9F33-F102ACC98319}.CD_ROM|x86.ActiveCfg = Release|Any CPU
		{4C878F0F-76C9-4181-9F33-F102ACC98319}.Debug|Any CPU.ActiveCfg = Debug|Any CPU
		{4C878F0F-76C9-4181-9F33-F102ACC98319}.Debug|Any CPU.Build.0 = Debug|Any CPU
		{4C878F0F-76C9-4181-9F33-F102ACC98319}.Debug|Mixed Platforms.ActiveCfg = Debug|Any CPU
		{4C878F0F-76C9-4181-9F33-F102ACC98319}.Debug|Mixed Platforms.Build.0 = Debug|Any CPU
		{4C878F0F-76C9-4181-9F33-F102ACC98319}.Debug|x64.ActiveCfg = Debug|x64
		{4C878F0F-76C9-4181-9F33-F102ACC98319}.Debug|x64.Build.0 = Debug|x64
		{4C878F0F-76C9-4181-9F33-F102ACC98319}.Debug|x86.ActiveCfg = Debug|Any CPU
		{4C878F0F-76C9-4181-9F33-F102ACC98319}.DVD-5|Any CPU.ActiveCfg = Debug|Any CPU
		{4C878F0F-76C9-4181-9F33-F102ACC98319}.DVD-5|Any CPU.Build.0 = Debug|Any CPU
		{4C878F0F-76C9-4181-9F33-F102ACC98319}.DVD-5|Mixed Platforms.ActiveCfg = Debug|Any CPU
		{4C878F0F-76C9-4181-9F33-F102ACC98319}.DVD-5|Mixed Platforms.Build.0 = Debug|Any CPU
		{4C878F0F-76C9-4181-9F33-F102ACC98319}.DVD-5|x64.ActiveCfg = Debug|x64
		{4C878F0F-76C9-4181-9F33-F102ACC98319}.DVD-5|x64.Build.0 = Debug|x64
		{4C878F0F-76C9-4181-9F33-F102ACC98319}.DVD-5|x86.ActiveCfg = Debug|Any CPU
		{4C878F0F-76C9-4181-9F33-F102ACC98319}.Release|Any CPU.ActiveCfg = Release|Any CPU
		{4C878F0F-76C9-4181-9F33-F102ACC98319}.Release|Any CPU.Build.0 = Release|Any CPU
		{4C878F0F-76C9-4181-9F33-F102ACC98319}.Release|Mixed Platforms.ActiveCfg = Release|Any CPU
		{4C878F0F-76C9-4181-9F33-F102ACC98319}.Release|Mixed Platforms.Build.0 = Release|Any CPU
		{4C878F0F-76C9-4181-9F33-F102ACC98319}.Release|x64.ActiveCfg = Release|x64
		{4C878F0F-76C9-4181-9F33-F102ACC98319}.Release|x64.Build.0 = Release|x64
		{4C878F0F-76C9-4181-9F33-F102ACC98319}.Release|x86.ActiveCfg = Release|Any CPU
		{4C878F0F-76C9-4181-9F33-F102ACC98319}.SingleImage|Any CPU.ActiveCfg = Release|Any CPU
		{4C878F0F-76C9-4181-9F33-F102ACC98319}.SingleImage|Any CPU.Build.0 = Release|Any CPU
		{4C878F0F-76C9-4181-9F33-F102ACC98319}.SingleImage|Mixed Platforms.ActiveCfg = Release|Any CPU
		{4C878F0F-76C9-4181-9F33-F102ACC98319}.SingleImage|Mixed Platforms.Build.0 = Release|Any CPU
		{4C878F0F-76C9-4181-9F33-F102ACC98319}.SingleImage|x64.ActiveCfg = Release|x64
		{4C878F0F-76C9-4181-9F33-F102ACC98319}.SingleImage|x64.Build.0 = Release|x64
		{4C878F0F-76C9-4181-9F33-F102ACC98319}.SingleImage|x86.ActiveCfg = Release|Any CPU
	EndGlobalSection
	GlobalSection(SolutionProperties) = preSolution
		HideSolutionNode = FALSE
	EndGlobalSection
EndGlobal
